// !$*UTF8*$!
{
	archiveVersion = 1;
	classes = {
	};
	objectVersion = 46;
	objects = {

/* Begin PBXBuildFile section */
		99EDF6A41B90695F004965F7 /* Parse.framework in Frameworks */ = {isa = PBXBuildFile; fileRef = 99EDF6A31B90695F004965F7 /* Parse.framework */; };
		99EDF6A61B906985004965F7 /* Bolts.framework in Frameworks */ = {isa = PBXBuildFile; fileRef = 99EDF6A51B906985004965F7 /* Bolts.framework */; };
		F44430DB1BC2413100F4BA3B /* CustomPointAnnotation.swift in Sources */ = {isa = PBXBuildFile; fileRef = F44430DA1BC2413100F4BA3B /* CustomPointAnnotation.swift */; };
		F44980C51B82E8A800B7140E /* AddDealsVC.swift in Sources */ = {isa = PBXBuildFile; fileRef = F44980C41B82E8A800B7140E /* AddDealsVC.swift */; };
		F44980C91B82F47400B7140E /* AllDealsListVC.swift in Sources */ = {isa = PBXBuildFile; fileRef = F44980C81B82F47400B7140E /* AllDealsListVC.swift */; };
		F44980CB1B82F4B700B7140E /* DealsListTableCell.swift in Sources */ = {isa = PBXBuildFile; fileRef = F44980CA1B82F4B700B7140E /* DealsListTableCell.swift */; };
		F4561DAD1B8ECCE400B36FDD /* PublicArt.json in Resources */ = {isa = PBXBuildFile; fileRef = F4561DAC1B8ECCE400B36FDD /* PublicArt.json */; };
		F46D66551B8EF9C300A9A8DE /* AddDealsLocationVC.swift in Sources */ = {isa = PBXBuildFile; fileRef = F46D66541B8EF9C300A9A8DE /* AddDealsLocationVC.swift */; };
		F48E3FAD1B906F5D001D8CC0 /* AudioToolbox.framework in Frameworks */ = {isa = PBXBuildFile; fileRef = F48E3FAC1B906F5D001D8CC0 /* AudioToolbox.framework */; };
		F49A08BF1B83182D006E3ECF /* DealsObjectProperty.swift in Sources */ = {isa = PBXBuildFile; fileRef = F49A08BE1B83182D006E3ECF /* DealsObjectProperty.swift */; };
		F4C0DE181B8465A8001EEA3A /* CategoryListVC.swift in Sources */ = {isa = PBXBuildFile; fileRef = F4C0DE171B8465A8001EEA3A /* CategoryListVC.swift */; };
		F4C0DE1C1B846C82001EEA3A /* SIngleCategoryDealsVC.swift in Sources */ = {isa = PBXBuildFile; fileRef = F4C0DE1B1B846C82001EEA3A /* SIngleCategoryDealsVC.swift */; };
		F4CB85FA1B8492EB0053D72B /* FavouriteDealsVC.swift in Sources */ = {isa = PBXBuildFile; fileRef = F4CB85F91B8492EB0053D72B /* FavouriteDealsVC.swift */; };
		F4CC029E1BBD2CF600A526D3 /* GoogleMaps.bundle in Resources */ = {isa = PBXBuildFile; fileRef = F4CC029C1BBD2CF600A526D3 /* GoogleMaps.bundle */; };
		F4CC029F1BBD2CF600A526D3 /* GoogleMaps.framework in Frameworks */ = {isa = PBXBuildFile; fileRef = F4CC029D1BBD2CF600A526D3 /* GoogleMaps.framework */; };
		F4CC02A11BBD2D7000A526D3 /* Accelerate.framework in Frameworks */ = {isa = PBXBuildFile; fileRef = F4CC02A01BBD2D7000A526D3 /* Accelerate.framework */; };
		F4CC02A31BBD2D8800A526D3 /* CoreBluetooth.framework in Frameworks */ = {isa = PBXBuildFile; fileRef = F4CC02A21BBD2D8800A526D3 /* CoreBluetooth.framework */; };
		F4CC02A51BBD2DAE00A526D3 /* libicucore.dylib in Frameworks */ = {isa = PBXBuildFile; fileRef = F4CC02A41BBD2DAE00A526D3 /* libicucore.dylib */; };
		F4CC02A71BBD2DB700A526D3 /* libc++.dylib in Frameworks */ = {isa = PBXBuildFile; fileRef = F4CC02A61BBD2DB700A526D3 /* libc++.dylib */; };
		F4CC02A91BBD2E6E00A526D3 /* GooglePlacesAutocomplete.swift in Sources */ = {isa = PBXBuildFile; fileRef = F4CC02A81BBD2E6E00A526D3 /* GooglePlacesAutocomplete.swift */; };
		F4CC02AB1BBD35CA00A526D3 /* ImageIO.framework in Frameworks */ = {isa = PBXBuildFile; fileRef = F4CC02AA1BBD35CA00A526D3 /* ImageIO.framework */; };
		F4CC02AD1BBD35F400A526D3 /* GLKit.framework in Frameworks */ = {isa = PBXBuildFile; fileRef = F4CC02AC1BBD35F400A526D3 /* GLKit.framework */; };
		F4CC02AF1BBD360500A526D3 /* CoreText.framework in Frameworks */ = {isa = PBXBuildFile; fileRef = F4CC02AE1BBD360500A526D3 /* CoreText.framework */; };
		F4CC02B11BBD361D00A526D3 /* CoreData.framework in Frameworks */ = {isa = PBXBuildFile; fileRef = F4CC02B01BBD361C00A526D3 /* CoreData.framework */; };
		F4D0F2911B84452600D1E1AC /* UserHomeVC.swift in Sources */ = {isa = PBXBuildFile; fileRef = F4D0F2901B84452600D1E1AC /* UserHomeVC.swift */; };
		F4D0F2931B8447B300D1E1AC /* Social.framework in Frameworks */ = {isa = PBXBuildFile; fileRef = F4D0F2921B8447B300D1E1AC /* Social.framework */; };
		F4ED9D8B1B81FE95002A0A40 /* CoreLocation.framework in Frameworks */ = {isa = PBXBuildFile; fileRef = F4ED9D8A1B81FE95002A0A40 /* CoreLocation.framework */; };
		F4ED9D8D1B81FEA0002A0A40 /* CoreGraphics.framework in Frameworks */ = {isa = PBXBuildFile; fileRef = F4ED9D8C1B81FEA0002A0A40 /* CoreGraphics.framework */; };
		F4ED9D8F1B81FEA7002A0A40 /* CFNetwork.framework in Frameworks */ = {isa = PBXBuildFile; fileRef = F4ED9D8E1B81FEA7002A0A40 /* CFNetwork.framework */; };
		F4ED9DD61B81BB0500317C5A /* AppDelegate.swift in Sources */ = {isa = PBXBuildFile; fileRef = F4ED9DD51B81BB0500317C5A /* AppDelegate.swift */; };
		F4ED9DD81B81BB0500317C5A /* LoginViewController.swift in Sources */ = {isa = PBXBuildFile; fileRef = F4ED9DD71B81BB0500317C5A /* LoginViewController.swift */; };
		F4ED9DDB1B81BB0500317C5A /* Main.storyboard in Resources */ = {isa = PBXBuildFile; fileRef = F4ED9DD91B81BB0500317C5A /* Main.storyboard */; };
		F4ED9DDD1B81BB0500317C5A /* Images.xcassets in Resources */ = {isa = PBXBuildFile; fileRef = F4ED9DDC1B81BB0500317C5A /* Images.xcassets */; };
		F4ED9DE01B81BB0500317C5A /* LaunchScreen.xib in Resources */ = {isa = PBXBuildFile; fileRef = F4ED9DDE1B81BB0500317C5A /* LaunchScreen.xib */; };
		F4ED9DEC1B81BB0600317C5A /* Sales_WhipTests.swift in Sources */ = {isa = PBXBuildFile; fileRef = F4ED9DEB1B81BB0600317C5A /* Sales_WhipTests.swift */; };
		F4ED9DFB1B81DFED00317C5A /* libsqlite3.dylib in Frameworks */ = {isa = PBXBuildFile; fileRef = F4ED9DFA1B81DFED00317C5A /* libsqlite3.dylib */; };
		F4ED9DFD1B81DFF600317C5A /* libz.dylib in Frameworks */ = {isa = PBXBuildFile; fileRef = F4ED9DFC1B81DFF600317C5A /* libz.dylib */; };
		F4ED9DFF1B81E00300317C5A /* SystemConfiguration.framework in Frameworks */ = {isa = PBXBuildFile; fileRef = F4ED9DFE1B81E00300317C5A /* SystemConfiguration.framework */; };
		F4ED9E011B81E01100317C5A /* StoreKit.framework in Frameworks */ = {isa = PBXBuildFile; fileRef = F4ED9E001B81E01100317C5A /* StoreKit.framework */; };
		F4ED9E031B81E01A00317C5A /* Security.framework in Frameworks */ = {isa = PBXBuildFile; fileRef = F4ED9E021B81E01A00317C5A /* Security.framework */; };
		F4ED9E051B81E03300317C5A /* QuartzCore.framework in Frameworks */ = {isa = PBXBuildFile; fileRef = F4ED9E041B81E03300317C5A /* QuartzCore.framework */; };
		F4ED9E071B81E03D00317C5A /* MobileCoreServices.framework in Frameworks */ = {isa = PBXBuildFile; fileRef = F4ED9E061B81E03D00317C5A /* MobileCoreServices.framework */; };
		F4ED9E091B81E6A300317C5A /* RegisterViewController.swift in Sources */ = {isa = PBXBuildFile; fileRef = F4ED9E081B81E6A300317C5A /* RegisterViewController.swift */; };
		F4ED9E0B1B81E84700317C5A /* Constants-Variables.swift in Sources */ = {isa = PBXBuildFile; fileRef = F4ED9E0A1B81E84700317C5A /* Constants-Variables.swift */; };
		F4F648DB1B847EC600099E8B /* HotDealsVC.swift in Sources */ = {isa = PBXBuildFile; fileRef = F4F648DA1B847EC600099E8B /* HotDealsVC.swift */; };
		F4F648DE1B84894500099E8B /* OpenGLES.framework in Frameworks */ = {isa = PBXBuildFile; fileRef = F4F648DD1B84894500099E8B /* OpenGLES.framework */; };
/* End PBXBuildFile section */

/* Begin PBXContainerItemProxy section */
		F4ED9DE61B81BB0600317C5A /* PBXContainerItemProxy */ = {
			isa = PBXContainerItemProxy;
			containerPortal = F4ED9DC81B81BB0500317C5A /* Project object */;
			proxyType = 1;
			remoteGlobalIDString = F4ED9DCF1B81BB0500317C5A;
			remoteInfo = "Sales Whip";
		};
/* End PBXContainerItemProxy section */

/* Begin PBXFileReference section */
		99EDF6A31B90695F004965F7 /* Parse.framework */ = {isa = PBXFileReference; lastKnownFileType = wrapper.framework; path = Parse.framework; sourceTree = "<group>"; };
		99EDF6A51B906985004965F7 /* Bolts.framework */ = {isa = PBXFileReference; lastKnownFileType = wrapper.framework; path = Bolts.framework; sourceTree = "<group>"; };
		F4182C8B1B8F33BB00638A18 /* Sales_Whip-Bridging-Header.h */ = {isa = PBXFileReference; lastKnownFileType = sourcecode.c.h; path = "Sales_Whip-Bridging-Header.h"; sourceTree = "<group>"; };
		F44430DA1BC2413100F4BA3B /* CustomPointAnnotation.swift */ = {isa = PBXFileReference; fileEncoding = 4; lastKnownFileType = sourcecode.swift; path = CustomPointAnnotation.swift; sourceTree = "<group>"; };
		F44980C41B82E8A800B7140E /* AddDealsVC.swift */ = {isa = PBXFileReference; fileEncoding = 4; lastKnownFileType = sourcecode.swift; path = AddDealsVC.swift; sourceTree = "<group>"; };
		F44980C81B82F47400B7140E /* AllDealsListVC.swift */ = {isa = PBXFileReference; fileEncoding = 4; lastKnownFileType = sourcecode.swift; path = AllDealsListVC.swift; sourceTree = "<group>"; };
		F44980CA1B82F4B700B7140E /* DealsListTableCell.swift */ = {isa = PBXFileReference; fileEncoding = 4; lastKnownFileType = sourcecode.swift; path = DealsListTableCell.swift; sourceTree = "<group>"; };
		F4561DAC1B8ECCE400B36FDD /* PublicArt.json */ = {isa = PBXFileReference; fileEncoding = 4; lastKnownFileType = text.json; path = PublicArt.json; sourceTree = "<group>"; };
		F46D66541B8EF9C300A9A8DE /* AddDealsLocationVC.swift */ = {isa = PBXFileReference; fileEncoding = 4; lastKnownFileType = sourcecode.swift; path = AddDealsLocationVC.swift; sourceTree = "<group>"; };
		F48E3FAC1B906F5D001D8CC0 /* AudioToolbox.framework */ = {isa = PBXFileReference; lastKnownFileType = wrapper.framework; name = AudioToolbox.framework; path = System/Library/Frameworks/AudioToolbox.framework; sourceTree = SDKROOT; };
		F49A08BE1B83182D006E3ECF /* DealsObjectProperty.swift */ = {isa = PBXFileReference; fileEncoding = 4; lastKnownFileType = sourcecode.swift; path = DealsObjectProperty.swift; sourceTree = "<group>"; };
		F4C0DE171B8465A8001EEA3A /* CategoryListVC.swift */ = {isa = PBXFileReference; fileEncoding = 4; lastKnownFileType = sourcecode.swift; path = CategoryListVC.swift; sourceTree = "<group>"; };
		F4C0DE1B1B846C82001EEA3A /* SIngleCategoryDealsVC.swift */ = {isa = PBXFileReference; fileEncoding = 4; lastKnownFileType = sourcecode.swift; path = SIngleCategoryDealsVC.swift; sourceTree = "<group>"; };
		F4CB85F91B8492EB0053D72B /* FavouriteDealsVC.swift */ = {isa = PBXFileReference; fileEncoding = 4; lastKnownFileType = sourcecode.swift; path = FavouriteDealsVC.swift; sourceTree = "<group>"; };
		F4CC029C1BBD2CF600A526D3 /* GoogleMaps.bundle */ = {isa = PBXFileReference; lastKnownFileType = "wrapper.plug-in"; path = GoogleMaps.bundle; sourceTree = "<group>"; };
		F4CC029D1BBD2CF600A526D3 /* GoogleMaps.framework */ = {isa = PBXFileReference; lastKnownFileType = wrapper.framework; path = GoogleMaps.framework; sourceTree = "<group>"; };
		F4CC02A01BBD2D7000A526D3 /* Accelerate.framework */ = {isa = PBXFileReference; lastKnownFileType = wrapper.framework; name = Accelerate.framework; path = System/Library/Frameworks/Accelerate.framework; sourceTree = SDKROOT; };
		F4CC02A21BBD2D8800A526D3 /* CoreBluetooth.framework */ = {isa = PBXFileReference; lastKnownFileType = wrapper.framework; name = CoreBluetooth.framework; path = System/Library/Frameworks/CoreBluetooth.framework; sourceTree = SDKROOT; };
		F4CC02A41BBD2DAE00A526D3 /* libicucore.dylib */ = {isa = PBXFileReference; lastKnownFileType = "compiled.mach-o.dylib"; name = libicucore.dylib; path = usr/lib/libicucore.dylib; sourceTree = SDKROOT; };
		F4CC02A61BBD2DB700A526D3 /* libc++.dylib */ = {isa = PBXFileReference; lastKnownFileType = "compiled.mach-o.dylib"; name = "libc++.dylib"; path = "usr/lib/libc++.dylib"; sourceTree = SDKROOT; };
		F4CC02A81BBD2E6E00A526D3 /* GooglePlacesAutocomplete.swift */ = {isa = PBXFileReference; fileEncoding = 4; lastKnownFileType = sourcecode.swift; path = GooglePlacesAutocomplete.swift; sourceTree = "<group>"; };
		F4CC02AA1BBD35CA00A526D3 /* ImageIO.framework */ = {isa = PBXFileReference; lastKnownFileType = wrapper.framework; name = ImageIO.framework; path = System/Library/Frameworks/ImageIO.framework; sourceTree = SDKROOT; };
		F4CC02AC1BBD35F400A526D3 /* GLKit.framework */ = {isa = PBXFileReference; lastKnownFileType = wrapper.framework; name = GLKit.framework; path = System/Library/Frameworks/GLKit.framework; sourceTree = SDKROOT; };
		F4CC02AE1BBD360500A526D3 /* CoreText.framework */ = {isa = PBXFileReference; lastKnownFileType = wrapper.framework; name = CoreText.framework; path = System/Library/Frameworks/CoreText.framework; sourceTree = SDKROOT; };
		F4CC02B01BBD361C00A526D3 /* CoreData.framework */ = {isa = PBXFileReference; lastKnownFileType = wrapper.framework; name = CoreData.framework; path = System/Library/Frameworks/CoreData.framework; sourceTree = SDKROOT; };
		F4D0F2901B84452600D1E1AC /* UserHomeVC.swift */ = {isa = PBXFileReference; fileEncoding = 4; lastKnownFileType = sourcecode.swift; path = UserHomeVC.swift; sourceTree = "<group>"; };
		F4D0F2921B8447B300D1E1AC /* Social.framework */ = {isa = PBXFileReference; lastKnownFileType = wrapper.framework; name = Social.framework; path = System/Library/Frameworks/Social.framework; sourceTree = SDKROOT; };
		F4ED9D8A1B81FE95002A0A40 /* CoreLocation.framework */ = {isa = PBXFileReference; lastKnownFileType = wrapper.framework; name = CoreLocation.framework; path = System/Library/Frameworks/CoreLocation.framework; sourceTree = SDKROOT; };
		F4ED9D8C1B81FEA0002A0A40 /* CoreGraphics.framework */ = {isa = PBXFileReference; lastKnownFileType = wrapper.framework; name = CoreGraphics.framework; path = System/Library/Frameworks/CoreGraphics.framework; sourceTree = SDKROOT; };
		F4ED9D8E1B81FEA7002A0A40 /* CFNetwork.framework */ = {isa = PBXFileReference; lastKnownFileType = wrapper.framework; name = CFNetwork.framework; path = System/Library/Frameworks/CFNetwork.framework; sourceTree = SDKROOT; };
		F4ED9DD01B81BB0500317C5A /* Sales Whip.app */ = {isa = PBXFileReference; explicitFileType = wrapper.application; includeInIndex = 0; path = "Sales Whip.app"; sourceTree = BUILT_PRODUCTS_DIR; };
		F4ED9DD41B81BB0500317C5A /* Info.plist */ = {isa = PBXFileReference; lastKnownFileType = text.plist.xml; path = Info.plist; sourceTree = "<group>"; };
		F4ED9DD51B81BB0500317C5A /* AppDelegate.swift */ = {isa = PBXFileReference; lastKnownFileType = sourcecode.swift; path = AppDelegate.swift; sourceTree = "<group>"; };
		F4ED9DD71B81BB0500317C5A /* LoginViewController.swift */ = {isa = PBXFileReference; lastKnownFileType = sourcecode.swift; path = LoginViewController.swift; sourceTree = "<group>"; };
		F4ED9DDA1B81BB0500317C5A /* Base */ = {isa = PBXFileReference; lastKnownFileType = file.storyboard; name = Base; path = Base.lproj/Main.storyboard; sourceTree = "<group>"; };
		F4ED9DDC1B81BB0500317C5A /* Images.xcassets */ = {isa = PBXFileReference; lastKnownFileType = folder.assetcatalog; path = Images.xcassets; sourceTree = "<group>"; };
		F4ED9DDF1B81BB0500317C5A /* Base */ = {isa = PBXFileReference; lastKnownFileType = file.xib; name = Base; path = Base.lproj/LaunchScreen.xib; sourceTree = "<group>"; };
		F4ED9DE51B81BB0600317C5A /* Sales Whip.xctest */ = {isa = PBXFileReference; explicitFileType = wrapper.cfbundle; includeInIndex = 0; path = "Sales Whip.xctest"; sourceTree = BUILT_PRODUCTS_DIR; };
		F4ED9DEA1B81BB0600317C5A /* Info.plist */ = {isa = PBXFileReference; lastKnownFileType = text.plist.xml; path = Info.plist; sourceTree = "<group>"; };
		F4ED9DEB1B81BB0600317C5A /* Sales_WhipTests.swift */ = {isa = PBXFileReference; lastKnownFileType = sourcecode.swift; path = Sales_WhipTests.swift; sourceTree = "<group>"; };
		F4ED9DF81B81CFDD00317C5A /* Constants.h */ = {isa = PBXFileReference; lastKnownFileType = sourcecode.c.h; path = Constants.h; sourceTree = "<group>"; };
		F4ED9DFA1B81DFED00317C5A /* libsqlite3.dylib */ = {isa = PBXFileReference; lastKnownFileType = "compiled.mach-o.dylib"; name = libsqlite3.dylib; path = usr/lib/libsqlite3.dylib; sourceTree = SDKROOT; };
		F4ED9DFC1B81DFF600317C5A /* libz.dylib */ = {isa = PBXFileReference; lastKnownFileType = "compiled.mach-o.dylib"; name = libz.dylib; path = usr/lib/libz.dylib; sourceTree = SDKROOT; };
		F4ED9DFE1B81E00300317C5A /* SystemConfiguration.framework */ = {isa = PBXFileReference; lastKnownFileType = wrapper.framework; name = SystemConfiguration.framework; path = System/Library/Frameworks/SystemConfiguration.framework; sourceTree = SDKROOT; };
		F4ED9E001B81E01100317C5A /* StoreKit.framework */ = {isa = PBXFileReference; lastKnownFileType = wrapper.framework; name = StoreKit.framework; path = System/Library/Frameworks/StoreKit.framework; sourceTree = SDKROOT; };
		F4ED9E021B81E01A00317C5A /* Security.framework */ = {isa = PBXFileReference; lastKnownFileType = wrapper.framework; name = Security.framework; path = System/Library/Frameworks/Security.framework; sourceTree = SDKROOT; };
		F4ED9E041B81E03300317C5A /* QuartzCore.framework */ = {isa = PBXFileReference; lastKnownFileType = wrapper.framework; name = QuartzCore.framework; path = System/Library/Frameworks/QuartzCore.framework; sourceTree = SDKROOT; };
		F4ED9E061B81E03D00317C5A /* MobileCoreServices.framework */ = {isa = PBXFileReference; lastKnownFileType = wrapper.framework; name = MobileCoreServices.framework; path = System/Library/Frameworks/MobileCoreServices.framework; sourceTree = SDKROOT; };
		F4ED9E081B81E6A300317C5A /* RegisterViewController.swift */ = {isa = PBXFileReference; fileEncoding = 4; lastKnownFileType = sourcecode.swift; path = RegisterViewController.swift; sourceTree = "<group>"; };
		F4ED9E0A1B81E84700317C5A /* Constants-Variables.swift */ = {isa = PBXFileReference; fileEncoding = 4; lastKnownFileType = sourcecode.swift; path = "Constants-Variables.swift"; sourceTree = "<group>"; };
		F4F648DA1B847EC600099E8B /* HotDealsVC.swift */ = {isa = PBXFileReference; fileEncoding = 4; lastKnownFileType = sourcecode.swift; path = HotDealsVC.swift; sourceTree = "<group>"; };
		F4F648DD1B84894500099E8B /* OpenGLES.framework */ = {isa = PBXFileReference; lastKnownFileType = wrapper.framework; name = OpenGLES.framework; path = System/Library/Frameworks/OpenGLES.framework; sourceTree = SDKROOT; };
/* End PBXFileReference section */

/* Begin PBXFrameworksBuildPhase section */
		F4ED9DCD1B81BB0500317C5A /* Frameworks */ = {
			isa = PBXFrameworksBuildPhase;
			buildActionMask = 2147483647;
			files = (
				F4CC02B11BBD361D00A526D3 /* CoreData.framework in Frameworks */,
				F4CC02AF1BBD360500A526D3 /* CoreText.framework in Frameworks */,
				F4CC02AD1BBD35F400A526D3 /* GLKit.framework in Frameworks */,
				F4CC02AB1BBD35CA00A526D3 /* ImageIO.framework in Frameworks */,
				F4CC02A71BBD2DB700A526D3 /* libc++.dylib in Frameworks */,
				F4CC02A51BBD2DAE00A526D3 /* libicucore.dylib in Frameworks */,
				F4CC02A31BBD2D8800A526D3 /* CoreBluetooth.framework in Frameworks */,
				F4CC02A11BBD2D7000A526D3 /* Accelerate.framework in Frameworks */,
				F48E3FAD1B906F5D001D8CC0 /* AudioToolbox.framework in Frameworks */,
				F4F648DE1B84894500099E8B /* OpenGLES.framework in Frameworks */,
				F4D0F2931B8447B300D1E1AC /* Social.framework in Frameworks */,
				F4ED9D8F1B81FEA7002A0A40 /* CFNetwork.framework in Frameworks */,
				F4ED9D8D1B81FEA0002A0A40 /* CoreGraphics.framework in Frameworks */,
				F4ED9D8B1B81FE95002A0A40 /* CoreLocation.framework in Frameworks */,
				F4ED9E071B81E03D00317C5A /* MobileCoreServices.framework in Frameworks */,
				99EDF6A41B90695F004965F7 /* Parse.framework in Frameworks */,
				F4ED9E051B81E03300317C5A /* QuartzCore.framework in Frameworks */,
				F4ED9E031B81E01A00317C5A /* Security.framework in Frameworks */,
				F4ED9E011B81E01100317C5A /* StoreKit.framework in Frameworks */,
				F4ED9DFF1B81E00300317C5A /* SystemConfiguration.framework in Frameworks */,
				F4ED9DFD1B81DFF600317C5A /* libz.dylib in Frameworks */,
				F4ED9DFB1B81DFED00317C5A /* libsqlite3.dylib in Frameworks */,
				F4CC029F1BBD2CF600A526D3 /* GoogleMaps.framework in Frameworks */,
				99EDF6A61B906985004965F7 /* Bolts.framework in Frameworks */,
			);
			runOnlyForDeploymentPostprocessing = 0;
		};
		F4ED9DE21B81BB0600317C5A /* Frameworks */ = {
			isa = PBXFrameworksBuildPhase;
			buildActionMask = 2147483647;
			files = (
			);
			runOnlyForDeploymentPostprocessing = 0;
		};
/* End PBXFrameworksBuildPhase section */

/* Begin PBXGroup section */
		F44980C61B82E8B500B7140E /* Tab Views */ = {
			isa = PBXGroup;
			children = (
				F4CB85F61B8492920053D72B /* Business Views */,
				F4D0F28F1B8444E500D1E1AC /* UserViews */,
			);
			name = "Tab Views";
			sourceTree = "<group>";
		};
		F44980C71B82F42800B7140E /* Deals List  */ = {
			isa = PBXGroup;
			children = (
				F44980C81B82F47400B7140E /* AllDealsListVC.swift */,
				F44980CA1B82F4B700B7140E /* DealsListTableCell.swift */,
			);
			name = "Deals List ";
			sourceTree = "<group>";
		};
		F46D664B1B8EDB7400A9A8DE /* Custom Anotations */ = {
			isa = PBXGroup;
			children = (
			);
			name = "Custom Anotations";
			sourceTree = "<group>";
		};
		F498B1EE1B832982009F9EBF /* AddOrEditDeals */ = {
			isa = PBXGroup;
			children = (
				F44430DA1BC2413100F4BA3B /* CustomPointAnnotation.swift */,
				F4CC02A81BBD2E6E00A526D3 /* GooglePlacesAutocomplete.swift */,
				F46D66541B8EF9C300A9A8DE /* AddDealsLocationVC.swift */,
				F44980C41B82E8A800B7140E /* AddDealsVC.swift */,
			);
			name = AddOrEditDeals;
			sourceTree = "<group>";
		};
		F498B1EF1B833E32009F9EBF /* Login & SignUp */ = {
			isa = PBXGroup;
			children = (
				F4ED9DD71B81BB0500317C5A /* LoginViewController.swift */,
				F4ED9E081B81E6A300317C5A /* RegisterViewController.swift */,
			);
			name = "Login & SignUp";
			sourceTree = "<group>";
		};
		F4CB85F61B8492920053D72B /* Business Views */ = {
			isa = PBXGroup;
			children = (
				F498B1EE1B832982009F9EBF /* AddOrEditDeals */,
				F44980C71B82F42800B7140E /* Deals List  */,
			);
			name = "Business Views";
			sourceTree = "<group>";
		};
		F4CB85F71B8492A70053D72B /* Favourite Tab */ = {
			isa = PBXGroup;
			children = (
				F4CB85F91B8492EB0053D72B /* FavouriteDealsVC.swift */,
			);
			name = "Favourite Tab";
			sourceTree = "<group>";
		};
		F4CB85F81B8492C60053D72B /* Home Tab */ = {
			isa = PBXGroup;
			children = (
				F4D0F2901B84452600D1E1AC /* UserHomeVC.swift */,
				F46D664B1B8EDB7400A9A8DE /* Custom Anotations */,
			);
			name = "Home Tab";
			sourceTree = "<group>";
		};
		F4CE63991BA9496900684D18 /* Deals Propery Class */ = {
			isa = PBXGroup;
			children = (
				F49A08BE1B83182D006E3ECF /* DealsObjectProperty.swift */,
			);
			name = "Deals Propery Class";
			sourceTree = "<group>";
		};
		F4D0F28F1B8444E500D1E1AC /* UserViews */ = {
			isa = PBXGroup;
			children = (
				F4CB85F81B8492C60053D72B /* Home Tab */,
				F4CB85F71B8492A70053D72B /* Favourite Tab */,
				F4F648D91B847EAF00099E8B /* Hot Deals Tab */,
				F4F648D81B847E9A00099E8B /* Category tab */,
			);
			name = UserViews;
			sourceTree = "<group>";
		};
		F4ED9DC71B81BB0500317C5A = {
			isa = PBXGroup;
			children = (
				F4ED9DD21B81BB0500317C5A /* Sales Whip */,
				F4ED9DE81B81BB0600317C5A /* Sales WhipTests */,
				F4ED9DD11B81BB0500317C5A /* Products */,
			);
			sourceTree = "<group>";
		};
		F4ED9DD11B81BB0500317C5A /* Products */ = {
			isa = PBXGroup;
			children = (
				F4ED9DD01B81BB0500317C5A /* Sales Whip.app */,
				F4ED9DE51B81BB0600317C5A /* Sales Whip.xctest */,
			);
			name = Products;
			sourceTree = "<group>";
		};
		F4ED9DD21B81BB0500317C5A /* Sales Whip */ = {
			isa = PBXGroup;
			children = (
				F4182C8B1B8F33BB00638A18 /* Sales_Whip-Bridging-Header.h */,
				F4ED9DF81B81CFDD00317C5A /* Constants.h */,
				F4ED9E0A1B81E84700317C5A /* Constants-Variables.swift */,
				F4ED9DD51B81BB0500317C5A /* AppDelegate.swift */,
				F4CE63991BA9496900684D18 /* Deals Propery Class */,
				F498B1EF1B833E32009F9EBF /* Login & SignUp */,
				F44980C61B82E8B500B7140E /* Tab Views */,
				F4ED9DD91B81BB0500317C5A /* Main.storyboard */,
				F4ED9DDC1B81BB0500317C5A /* Images.xcassets */,
				F4ED9DDE1B81BB0500317C5A /* LaunchScreen.xib */,
				F4ED9DF51B81CEDB00317C5A /* Framework */,
				F4ED9DD31B81BB0500317C5A /* Supporting Files */,
			);
			path = "Sales Whip";
			sourceTree = "<group>";
		};
		F4ED9DD31B81BB0500317C5A /* Supporting Files */ = {
			isa = PBXGroup;
			children = (
				F4561DAC1B8ECCE400B36FDD /* PublicArt.json */,
				F4ED9DD41B81BB0500317C5A /* Info.plist */,
			);
			name = "Supporting Files";
			sourceTree = "<group>";
		};
		F4ED9DE81B81BB0600317C5A /* Sales WhipTests */ = {
			isa = PBXGroup;
			children = (
				F4ED9DEB1B81BB0600317C5A /* Sales_WhipTests.swift */,
				F4ED9DE91B81BB0600317C5A /* Supporting Files */,
			);
			path = "Sales WhipTests";
			sourceTree = "<group>";
		};
		F4ED9DE91B81BB0600317C5A /* Supporting Files */ = {
			isa = PBXGroup;
			children = (
				F4ED9DEA1B81BB0600317C5A /* Info.plist */,
			);
			name = "Supporting Files";
			sourceTree = "<group>";
		};
		F4ED9DF51B81CEDB00317C5A /* Framework */ = {
			isa = PBXGroup;
			children = (
				F4CC02B01BBD361C00A526D3 /* CoreData.framework */,
				F4CC02AE1BBD360500A526D3 /* CoreText.framework */,
				F4CC02AC1BBD35F400A526D3 /* GLKit.framework */,
				F4CC02AA1BBD35CA00A526D3 /* ImageIO.framework */,
				F4CC02A61BBD2DB700A526D3 /* libc++.dylib */,
				F4CC02A41BBD2DAE00A526D3 /* libicucore.dylib */,
				F4CC02A21BBD2D8800A526D3 /* CoreBluetooth.framework */,
				F4CC02A01BBD2D7000A526D3 /* Accelerate.framework */,
				F4CC029C1BBD2CF600A526D3 /* GoogleMaps.bundle */,
				F4CC029D1BBD2CF600A526D3 /* GoogleMaps.framework */,
				F48E3FAC1B906F5D001D8CC0 /* AudioToolbox.framework */,
				99EDF6A51B906985004965F7 /* Bolts.framework */,
				99EDF6A31B90695F004965F7 /* Parse.framework */,
				F4F648DD1B84894500099E8B /* OpenGLES.framework */,
				F4D0F2921B8447B300D1E1AC /* Social.framework */,
				F4ED9D8E1B81FEA7002A0A40 /* CFNetwork.framework */,
				F4ED9D8C1B81FEA0002A0A40 /* CoreGraphics.framework */,
				F4ED9D8A1B81FE95002A0A40 /* CoreLocation.framework */,
				F4ED9E061B81E03D00317C5A /* MobileCoreServices.framework */,
				F4ED9E041B81E03300317C5A /* QuartzCore.framework */,
				F4ED9E021B81E01A00317C5A /* Security.framework */,
				F4ED9E001B81E01100317C5A /* StoreKit.framework */,
				F4ED9DFE1B81E00300317C5A /* SystemConfiguration.framework */,
				F4ED9DFC1B81DFF600317C5A /* libz.dylib */,
				F4ED9DFA1B81DFED00317C5A /* libsqlite3.dylib */,
			);
			name = Framework;
			sourceTree = "<group>";
		};
		F4F648D81B847E9A00099E8B /* Category tab */ = {
			isa = PBXGroup;
			children = (
				F4C0DE1B1B846C82001EEA3A /* SIngleCategoryDealsVC.swift */,
				F4C0DE171B8465A8001EEA3A /* CategoryListVC.swift */,
			);
			name = "Category tab";
			sourceTree = "<group>";
		};
		F4F648D91B847EAF00099E8B /* Hot Deals Tab */ = {
			isa = PBXGroup;
			children = (
				F4F648DA1B847EC600099E8B /* HotDealsVC.swift */,
			);
			name = "Hot Deals Tab";
			sourceTree = "<group>";
		};
/* End PBXGroup section */

/* Begin PBXNativeTarget section */
		F4ED9DCF1B81BB0500317C5A /* Sales Whip Server */ = {
			isa = PBXNativeTarget;
			buildConfigurationList = F4ED9DEF1B81BB0600317C5A /* Build configuration list for PBXNativeTarget "Sales Whip Server" */;
			buildPhases = (
				F4ED9DCC1B81BB0500317C5A /* Sources */,
				F4ED9DCD1B81BB0500317C5A /* Frameworks */,
				F4ED9DCE1B81BB0500317C5A /* Resources */,
			);
			buildRules = (
			);
			dependencies = (
			);
			name = "Sales Whip Server";
			productName = "Sales Whip";
			productReference = F4ED9DD01B81BB0500317C5A /* Sales Whip.app */;
			productType = "com.apple.product-type.application";
		};
		F4ED9DE41B81BB0600317C5A /* Sales Whip ServerTests */ = {
			isa = PBXNativeTarget;
			buildConfigurationList = F4ED9DF21B81BB0600317C5A /* Build configuration list for PBXNativeTarget "Sales Whip ServerTests" */;
			buildPhases = (
				F4ED9DE11B81BB0600317C5A /* Sources */,
				F4ED9DE21B81BB0600317C5A /* Frameworks */,
				F4ED9DE31B81BB0600317C5A /* Resources */,
			);
			buildRules = (
			);
			dependencies = (
				F4ED9DE71B81BB0600317C5A /* PBXTargetDependency */,
			);
			name = "Sales Whip ServerTests";
			productName = "Sales WhipTests";
			productReference = F4ED9DE51B81BB0600317C5A /* Sales Whip.xctest */;
			productType = "com.apple.product-type.bundle.unit-test";
		};
/* End PBXNativeTarget section */

/* Begin PBXProject section */
		F4ED9DC81B81BB0500317C5A /* Project object */ = {
			isa = PBXProject;
			attributes = {
				LastUpgradeCheck = 0600;
				ORGANIZATIONNAME = Arun;
				TargetAttributes = {
					F4ED9DCF1B81BB0500317C5A = {
						CreatedOnToolsVersion = 6.0;
					};
					F4ED9DE41B81BB0600317C5A = {
						CreatedOnToolsVersion = 6.0;
						TestTargetID = F4ED9DCF1B81BB0500317C5A;
					};
				};
			};
			buildConfigurationList = F4ED9DCB1B81BB0500317C5A /* Build configuration list for PBXProject "Sales Whip Server" */;
			compatibilityVersion = "Xcode 3.2";
			developmentRegion = English;
			hasScannedForEncodings = 0;
			knownRegions = (
				en,
				Base,
			);
			mainGroup = F4ED9DC71B81BB0500317C5A;
			productRefGroup = F4ED9DD11B81BB0500317C5A /* Products */;
			projectDirPath = "";
			projectRoot = "";
			targets = (
				F4ED9DCF1B81BB0500317C5A /* Sales Whip Server */,
				F4ED9DE41B81BB0600317C5A /* Sales Whip ServerTests */,
			);
		};
/* End PBXProject section */

/* Begin PBXResourcesBuildPhase section */
		F4ED9DCE1B81BB0500317C5A /* Resources */ = {
			isa = PBXResourcesBuildPhase;
			buildActionMask = 2147483647;
			files = (
				F4561DAD1B8ECCE400B36FDD /* PublicArt.json in Resources */,
				F4ED9DDB1B81BB0500317C5A /* Main.storyboard in Resources */,
				F4ED9DE01B81BB0500317C5A /* LaunchScreen.xib in Resources */,
				F4ED9DDD1B81BB0500317C5A /* Images.xcassets in Resources */,
				F4CC029E1BBD2CF600A526D3 /* GoogleMaps.bundle in Resources */,
			);
			runOnlyForDeploymentPostprocessing = 0;
		};
		F4ED9DE31B81BB0600317C5A /* Resources */ = {
			isa = PBXResourcesBuildPhase;
			buildActionMask = 2147483647;
			files = (
			);
			runOnlyForDeploymentPostprocessing = 0;
		};
/* End PBXResourcesBuildPhase section */

/* Begin PBXSourcesBuildPhase section */
		F4ED9DCC1B81BB0500317C5A /* Sources */ = {
			isa = PBXSourcesBuildPhase;
			buildActionMask = 2147483647;
			files = (
				F4CC02A91BBD2E6E00A526D3 /* GooglePlacesAutocomplete.swift in Sources */,
				F4C0DE181B8465A8001EEA3A /* CategoryListVC.swift in Sources */,
				F4ED9E091B81E6A300317C5A /* RegisterViewController.swift in Sources */,
				F49A08BF1B83182D006E3ECF /* DealsObjectProperty.swift in Sources */,
				F44980CB1B82F4B700B7140E /* DealsListTableCell.swift in Sources */,
				F4F648DB1B847EC600099E8B /* HotDealsVC.swift in Sources */,
				F44430DB1BC2413100F4BA3B /* CustomPointAnnotation.swift in Sources */,
				F46D66551B8EF9C300A9A8DE /* AddDealsLocationVC.swift in Sources */,
				F4D0F2911B84452600D1E1AC /* UserHomeVC.swift in Sources */,
				F44980C51B82E8A800B7140E /* AddDealsVC.swift in Sources */,
				F4CB85FA1B8492EB0053D72B /* FavouriteDealsVC.swift in Sources */,
				F4ED9DD81B81BB0500317C5A /* LoginViewController.swift in Sources */,
				F4ED9DD61B81BB0500317C5A /* AppDelegate.swift in Sources */,
				F44980C91B82F47400B7140E /* AllDealsListVC.swift in Sources */,
				F4ED9E0B1B81E84700317C5A /* Constants-Variables.swift in Sources */,
				F4C0DE1C1B846C82001EEA3A /* SIngleCategoryDealsVC.swift in Sources */,
			);
			runOnlyForDeploymentPostprocessing = 0;
		};
		F4ED9DE11B81BB0600317C5A /* Sources */ = {
			isa = PBXSourcesBuildPhase;
			buildActionMask = 2147483647;
			files = (
				F4ED9DEC1B81BB0600317C5A /* Sales_WhipTests.swift in Sources */,
			);
			runOnlyForDeploymentPostprocessing = 0;
		};
/* End PBXSourcesBuildPhase section */

/* Begin PBXTargetDependency section */
		F4ED9DE71B81BB0600317C5A /* PBXTargetDependency */ = {
			isa = PBXTargetDependency;
			target = F4ED9DCF1B81BB0500317C5A /* Sales Whip Server */;
			targetProxy = F4ED9DE61B81BB0600317C5A /* PBXContainerItemProxy */;
		};
/* End PBXTargetDependency section */

/* Begin PBXVariantGroup section */
		F4ED9DD91B81BB0500317C5A /* Main.storyboard */ = {
			isa = PBXVariantGroup;
			children = (
				F4ED9DDA1B81BB0500317C5A /* Base */,
			);
			name = Main.storyboard;
			sourceTree = "<group>";
		};
		F4ED9DDE1B81BB0500317C5A /* LaunchScreen.xib */ = {
			isa = PBXVariantGroup;
			children = (
				F4ED9DDF1B81BB0500317C5A /* Base */,
			);
			name = LaunchScreen.xib;
			sourceTree = "<group>";
		};
/* End PBXVariantGroup section */

/* Begin XCBuildConfiguration section */
		F4ED9DED1B81BB0600317C5A /* Debug */ = {
			isa = XCBuildConfiguration;
			buildSettings = {
				ALWAYS_SEARCH_USER_PATHS = NO;
				CLANG_CXX_LANGUAGE_STANDARD = "gnu++0x";
				CLANG_CXX_LIBRARY = "libc++";
				CLANG_ENABLE_MODULES = YES;
				CLANG_ENABLE_OBJC_ARC = YES;
				CLANG_WARN_BOOL_CONVERSION = YES;
				CLANG_WARN_CONSTANT_CONVERSION = YES;
				CLANG_WARN_DIRECT_OBJC_ISA_USAGE = YES_ERROR;
				CLANG_WARN_EMPTY_BODY = YES;
				CLANG_WARN_ENUM_CONVERSION = YES;
				CLANG_WARN_INT_CONVERSION = YES;
				CLANG_WARN_OBJC_ROOT_CLASS = YES_ERROR;
				CLANG_WARN_UNREACHABLE_CODE = YES;
				CLANG_WARN__DUPLICATE_METHOD_MATCH = YES;
				"CODE_SIGN_IDENTITY[sdk=iphoneos*]" = "iPhone Developer";
				COPY_PHASE_STRIP = NO;
				ENABLE_STRICT_OBJC_MSGSEND = YES;
				GCC_C_LANGUAGE_STANDARD = gnu99;
				GCC_DYNAMIC_NO_PIC = NO;
				GCC_OPTIMIZATION_LEVEL = 0;
				GCC_PREPROCESSOR_DEFINITIONS = (
					"DEBUG=1",
					"$(inherited)",
				);
				GCC_SYMBOLS_PRIVATE_EXTERN = NO;
				GCC_WARN_64_TO_32_BIT_CONVERSION = YES;
				GCC_WARN_ABOUT_RETURN_TYPE = YES_ERROR;
				GCC_WARN_UNDECLARED_SELECTOR = YES;
				GCC_WARN_UNINITIALIZED_AUTOS = YES_AGGRESSIVE;
				GCC_WARN_UNUSED_FUNCTION = YES;
				GCC_WARN_UNUSED_VARIABLE = YES;
				IPHONEOS_DEPLOYMENT_TARGET = 8.0;
				MTL_ENABLE_DEBUG_INFO = YES;
				ONLY_ACTIVE_ARCH = YES;
				SDKROOT = iphoneos;
				SWIFT_OPTIMIZATION_LEVEL = "-Onone";
				TARGETED_DEVICE_FAMILY = "1,2";
			};
			name = Debug;
		};
		F4ED9DEE1B81BB0600317C5A /* Release */ = {
			isa = XCBuildConfiguration;
			buildSettings = {
				ALWAYS_SEARCH_USER_PATHS = NO;
				CLANG_CXX_LANGUAGE_STANDARD = "gnu++0x";
				CLANG_CXX_LIBRARY = "libc++";
				CLANG_ENABLE_MODULES = YES;
				CLANG_ENABLE_OBJC_ARC = YES;
				CLANG_WARN_BOOL_CONVERSION = YES;
				CLANG_WARN_CONSTANT_CONVERSION = YES;
				CLANG_WARN_DIRECT_OBJC_ISA_USAGE = YES_ERROR;
				CLANG_WARN_EMPTY_BODY = YES;
				CLANG_WARN_ENUM_CONVERSION = YES;
				CLANG_WARN_INT_CONVERSION = YES;
				CLANG_WARN_OBJC_ROOT_CLASS = YES_ERROR;
				CLANG_WARN_UNREACHABLE_CODE = YES;
				CLANG_WARN__DUPLICATE_METHOD_MATCH = YES;
				"CODE_SIGN_IDENTITY[sdk=iphoneos*]" = "iPhone Developer";
				COPY_PHASE_STRIP = YES;
				ENABLE_NS_ASSERTIONS = NO;
				ENABLE_STRICT_OBJC_MSGSEND = YES;
				GCC_C_LANGUAGE_STANDARD = gnu99;
				GCC_WARN_64_TO_32_BIT_CONVERSION = YES;
				GCC_WARN_ABOUT_RETURN_TYPE = YES_ERROR;
				GCC_WARN_UNDECLARED_SELECTOR = YES;
				GCC_WARN_UNINITIALIZED_AUTOS = YES_AGGRESSIVE;
				GCC_WARN_UNUSED_FUNCTION = YES;
				GCC_WARN_UNUSED_VARIABLE = YES;
				IPHONEOS_DEPLOYMENT_TARGET = 8.0;
				MTL_ENABLE_DEBUG_INFO = NO;
				SDKROOT = iphoneos;
				TARGETED_DEVICE_FAMILY = "1,2";
				VALIDATE_PRODUCT = YES;
			};
			name = Release;
		};
		F4ED9DF01B81BB0600317C5A /* Debug */ = {
			isa = XCBuildConfiguration;
			buildSettings = {
				ASSETCATALOG_COMPILER_APPICON_NAME = AppIcon;
				CLANG_ALLOW_NON_MODULAR_INCLUDES_IN_FRAMEWORK_MODULES = YES;
				CODE_SIGN_IDENTITY = "iPhone Developer: Priyank Gupta (BBBJ7AB69U)";
				FRAMEWORK_SEARCH_PATHS = (
					"$SRCROOT/**",
					"$(inherited)",
					"$(PROJECT_DIR)/Sales",
					Whip,
					"$(PROJECT_DIR)/Sales",
					Whip,
					"$(PROJECT_DIR)/Sales",
					Whip,
					"$(PROJECT_DIR)/Sales",
					Whip,
					"$(PROJECT_DIR)/Sales",
					Whip,
					"$(PROJECT_DIR)/Sales",
					Whip,
				);
				INFOPLIST_FILE = "Sales Whip/Info.plist";
				IPHONEOS_DEPLOYMENT_TARGET = 7.0;
				LD_RUNPATH_SEARCH_PATHS = "$(inherited) @executable_path/Frameworks";
				OTHER_LDFLAGS = (
					"-ObjC",
					"-framework",
					SystemConfiguration,
				);
				PRODUCT_NAME = "Sales Whip";
				PROVISIONING_PROFILE = "70b9aaa4-1b2c-46a5-b494-70e791531fc5";
				SWIFT_OBJC_BRIDGING_HEADER = "Sales Whip/Sales_Whip-Bridging-Header.h";
			};
			name = Debug;
		};
		F4ED9DF11B81BB0600317C5A /* Release */ = {
			isa = XCBuildConfiguration;
			buildSettings = {
				ASSETCATALOG_COMPILER_APPICON_NAME = AppIcon;
				CLANG_ALLOW_NON_MODULAR_INCLUDES_IN_FRAMEWORK_MODULES = YES;
				FRAMEWORK_SEARCH_PATHS = (
					"$SRCROOT/**",
					"$(inherited)",
					"$(PROJECT_DIR)/Sales",
					Whip,
					"$(PROJECT_DIR)/Sales",
					Whip,
					"$(PROJECT_DIR)/Sales",
					Whip,
					"$(PROJECT_DIR)/Sales",
					Whip,
					"$(PROJECT_DIR)/Sales",
					Whip,
					"$(PROJECT_DIR)/Sales",
					Whip,
				);
				INFOPLIST_FILE = "Sales Whip/Info.plist";
				IPHONEOS_DEPLOYMENT_TARGET = 7.0;
				LD_RUNPATH_SEARCH_PATHS = "$(inherited) @executable_path/Frameworks";
				OTHER_LDFLAGS = (
					"-ObjC",
					"-framework",
					SystemConfiguration,
				);
				PRODUCT_NAME = "Sales Whip";
				PROVISIONING_PROFILE = "70b9aaa4-1b2c-46a5-b494-70e791531fc5";
				SWIFT_OBJC_BRIDGING_HEADER = "Sales Whip/Sales_Whip-Bridging-Header.h";
			};
			name = Release;
		};
		F4ED9DF31B81BB0600317C5A /* Debug */ = {
			isa = XCBuildConfiguration;
			buildSettings = {
				BUNDLE_LOADER = "$(TEST_HOST)";
				FRAMEWORK_SEARCH_PATHS = (
					"$(SDKROOT)/Developer/Library/Frameworks",
					"$(inherited)",
				);
				GCC_PREPROCESSOR_DEFINITIONS = (
					"DEBUG=1",
					"$(inherited)",
				);
				INFOPLIST_FILE = "Sales WhipTests/Info.plist";
				LD_RUNPATH_SEARCH_PATHS = "$(inherited) @executable_path/Frameworks @loader_path/Frameworks";
				PRODUCT_NAME = "Sales Whip";
				TEST_HOST = "$(BUILT_PRODUCTS_DIR)/Sales Whip.app/Sales Whip";
			};
			name = Debug;
		};
		F4ED9DF41B81BB0600317C5A /* Release */ = {
			isa = XCBuildConfiguration;
			buildSettings = {
				BUNDLE_LOADER = "$(TEST_HOST)";
				FRAMEWORK_SEARCH_PATHS = (
					"$(SDKROOT)/Developer/Library/Frameworks",
					"$(inherited)",
				);
				INFOPLIST_FILE = "Sales WhipTests/Info.plist";
				LD_RUNPATH_SEARCH_PATHS = "$(inherited) @executable_path/Frameworks @loader_path/Frameworks";
				PRODUCT_NAME = "Sales Whip";
				TEST_HOST = "$(BUILT_PRODUCTS_DIR)/Sales Whip.app/Sales Whip";
			};
			name = Release;
		};
/* End XCBuildConfiguration section */

/* Begin XCConfigurationList section */
		F4ED9DCB1B81BB0500317C5A /* Build configuration list for PBXProject "Sales Whip Server" */ = {
			isa = XCConfigurationList;
			buildConfigurations = (
				F4ED9DED1B81BB0600317C5A /* Debug */,
				F4ED9DEE1B81BB0600317C5A /* Release */,
			);
			defaultConfigurationIsVisible = 0;
			defaultConfigurationName = Release;
		};
		F4ED9DEF1B81BB0600317C5A /* Build configuration list for PBXNativeTarget "Sales Whip Server" */ = {
			isa = XCConfigurationList;
			buildConfigurations = (
				F4ED9DF01B81BB0600317C5A /* Debug */,
				F4ED9DF11B81BB0600317C5A /* Release */,
			);
			defaultConfigurationIsVisible = 0;
			defaultConfigurationName = Release;
		};
		F4ED9DF21B81BB0600317C5A /* Build configuration list for PBXNativeTarget "Sales Whip ServerTests" */ = {
			isa = XCConfigurationList;
			buildConfigurations = (
				F4ED9DF31B81BB0600317C5A /* Debug */,
				F4ED9DF41B81BB0600317C5A /* Release */,
			);
			defaultConfigurationIsVisible = 0;
			defaultConfigurationName = Release;
		};
/* End XCConfigurationList section */
	};
	rootObject = F4ED9DC81B81BB0500317C5A /* Project object */;
}
